
Microsoft Visual Studio Solution File, Format Version 12.00
# Visual Studio Version 17
VisualStudioVersion = 17.6.33723.286
MinimumVisualStudioVersion = 10.0.40219.1
Project("{FAE04EC0-301F-11D3-BF4B-00C04F79EFBC}") = "WrittenTest2", "WrittenTest2\WrittenTest2.csproj", "{A5D555C7-0FBD-4AF0-9F6B-CE713706ED32}"
EndProject
Global
	GlobalSection(SolutionConfigurationPlatforms) = preSolution
		Debug|Any CPU = Debug|Any CPU
		Release|Any CPU = Release|Any CPU
	EndGlobalSection
	GlobalSection(ProjectConfigurationPlatforms) = postSolution
		{A5D555C7-0FBD-4AF0-9F6B-CE713706ED32}.Debug|Any CPU.ActiveCfg = Debug|Any CPU
		{A5D555C7-0FBD-4AF0-9F6B-CE713706ED32}.Debug|Any CPU.Build.0 = Debug|Any CPU
		{A5D555C7-0FBD-4AF0-9F6B-CE713706ED32}.Release|Any CPU.ActiveCfg = Release|Any CPU
		{A5D555C7-0FBD-4AF0-9F6B-CE713706ED32}.Release|Any CPU.Build.0 = Release|Any CPU
	EndGlobalSection
	GlobalSection(SolutionProperties) = preSolution
		HideSolutionNode = FALSE
	EndGlobalSection
	GlobalSection(ExtensibilityGlobals) = postSolution
		SolutionGuid = {C5F268D2-033A-4815-B44F-E3D0A4D779D9}
	EndGlobalSection
EndGlobal
